# This file is automatically @generated by Poetry 1.7.1 and should not be changed by hand.

[[package]]
name = "dinobytes"
version = "0.4.0"
description = ""
optional = false
python-versions = ">=3.11,<4.0"
files = [
    {file = "dinobytes-0.4.0-py3-none-any.whl", hash = "sha256:5ebc524f4ed57eae1fd9c75016943a560c1e89c93d4c90a4eb5c94107d45f324"},
    {file = "dinobytes-0.4.0.tar.gz", hash = "sha256:ec5a6fac497ae5a0d49a8a9c3104f08f2362431ff1a10e6c17e61343a87d54f8"},
]

[package.dependencies]
ormsgpack = ">=1.4.2,<2.0.0"

[[package]]
name = "ormsgpack"
version = "1.4.2"
description = "Fast, correct Python msgpack library supporting dataclasses, datetimes, and numpy"
optional = false
python-versions = ">=3.8"
files = [
    {file = "ormsgpack-1.4.2-cp310-cp310-macosx_10_12_x86_64.macosx_11_0_arm64.macosx_10_12_universal2.whl", hash = "sha256:c0aaff163778c3d562b9edc4f72159964eb00c1345a593700f1fc6a39dd5339d"},
    {file = "ormsgpack-1.4.2-cp310-cp310-macosx_10_12_x86_64.whl", hash = "sha256:3154238c6162b3d683e5f0113722c1573611f05f8188bf060165b46be3a0c28f"},
    {file = "ormsgpack-1.4.2-cp310-cp310-manylinux_2_17_aarch64.manylinux2014_aarch64.whl", hash = "sha256:b9888b1299f6a8f87ba7a42d85b5a531a0c791472b6649749acec6e280cc6540"},
    {file = "ormsgpack-1.4.2-cp310-cp310-manylinux_2_17_armv7l.manylinux2014_armv7l.whl", hash = "sha256:57381f8d002a06edba393813bfd85661a503993035e99efa16414b91e6f276f1"},
    {file = "ormsgpack-1.4.2-cp310-cp310-manylinux_2_17_x86_64.manylinux2014_x86_64.whl", hash = "sha256:79b3109e6a28be51b7eeb9da758be7964fd1e27c95374949d3c649e6c0c4ff57"},
    {file = "ormsgpack-1.4.2-cp310-none-win_amd64.whl", hash = "sha256:5f8067754fe3a9dbca3c55e989aab3fc486bf4fe8dd24e0e51cd85809dc43ed3"},
    {file = "ormsgpack-1.4.2-cp311-cp311-macosx_10_12_x86_64.macosx_11_0_arm64.macosx_10_12_universal2.whl", hash = "sha256:8e4a52b4515239eaeba334e243c4c250265118531ad9bfe3d8dc4121563369dc"},
    {file = "ormsgpack-1.4.2-cp311-cp311-macosx_10_12_x86_64.whl", hash = "sha256:29aa2fb933f4e75adfbf103d73281524ab29484df12fb17d35d9a7c0aee66aa7"},
    {file = "ormsgpack-1.4.2-cp311-cp311-manylinux_2_17_aarch64.manylinux2014_aarch64.whl", hash = "sha256:3e5517026181098378cd0f1b493693fb8848ec434501a51a5c5f57924dbbf23b"},
    {file = "ormsgpack-1.4.2-cp311-cp311-manylinux_2_17_armv7l.manylinux2014_armv7l.whl", hash = "sha256:e7046cdbedd01187c6cf759a543efafed9c99e3c770539c02b0b33b328928033"},
    {file = "ormsgpack-1.4.2-cp311-cp311-manylinux_2_17_x86_64.manylinux2014_x86_64.whl", hash = "sha256:31567d84a6b21c1bce15978f93d79d53e81eaa7391ea28f74ab4039010cedc39"},
    {file = "ormsgpack-1.4.2-cp311-none-win_amd64.whl", hash = "sha256:cc722b4a1ac68007fe624e2d36eb8ce4b58f6de51313f28286c17ac61bc07b87"},
    {file = "ormsgpack-1.4.2-cp312-cp312-macosx_10_12_x86_64.macosx_11_0_arm64.macosx_10_12_universal2.whl", hash = "sha256:336884585808aae57db2551a453d68afd7096ee3d3c97e717eac42a28a7875d8"},
    {file = "ormsgpack-1.4.2-cp312-cp312-macosx_10_12_x86_64.whl", hash = "sha256:a73258608c14b28949247dc444734495570d2d0b0c21d879a0a0cc85987b4302"},
    {file = "ormsgpack-1.4.2-cp312-cp312-manylinux_2_17_aarch64.manylinux2014_aarch64.whl", hash = "sha256:c9ec97c8761779779fc3ac9c49aef80bcd2ef0bd660c543342d2396e492083df"},
    {file = "ormsgpack-1.4.2-cp312-cp312-manylinux_2_17_armv7l.manylinux2014_armv7l.whl", hash = "sha256:90e23a13543e16264dc19a1a474c7b78ca8e9af03cbb63d5b4b54473a2cd8c30"},
    {file = "ormsgpack-1.4.2-cp312-cp312-manylinux_2_17_x86_64.manylinux2014_x86_64.whl", hash = "sha256:503ecfa755ff5cc230baca42371daafcb697741ba068404ba03766b16257f17f"},
    {file = "ormsgpack-1.4.2-cp312-none-win_amd64.whl", hash = "sha256:a0aa0ee55c8032715abc57e6e5366dcaa95e9809559e65cdff4e6d39862c27f8"},
    {file = "ormsgpack-1.4.2-cp38-cp38-macosx_10_12_x86_64.macosx_11_0_arm64.macosx_10_12_universal2.whl", hash = "sha256:c1c15f0cda3ef77b395b61d95a4f724fe0deadbee038c46dec6c8e36b61486c6"},
    {file = "ormsgpack-1.4.2-cp38-cp38-macosx_10_12_x86_64.whl", hash = "sha256:5f4099a1775d7438cb531be3d73352ba876dbe31afd2fd6d0359e6b54ca4cf54"},
    {file = "ormsgpack-1.4.2-cp38-cp38-manylinux_2_17_aarch64.manylinux2014_aarch64.whl", hash = "sha256:af9b6bec376262b7ea93e575be0825a442f2111af0298380379bf63615a4c4ac"},
    {file = "ormsgpack-1.4.2-cp38-cp38-manylinux_2_17_armv7l.manylinux2014_armv7l.whl", hash = "sha256:511af1a30bca68ce953e6c78da530c5cc9d1d73db9bb1a10fcf7ed7c4eea0f1e"},
    {file = "ormsgpack-1.4.2-cp38-cp38-manylinux_2_17_x86_64.manylinux2014_x86_64.whl", hash = "sha256:9a74e282cfc9a63cf4be63f668ebd0fe09ddb7c90876538070e3e64d1269a57b"},
    {file = "ormsgpack-1.4.2-cp38-none-win_amd64.whl", hash = "sha256:f1e1606f61ca7e77abde7d0ec75a0234a19dc02906efff8f6f0c1090ecb9ae6a"},
    {file = "ormsgpack-1.4.2-cp39-cp39-macosx_10_12_x86_64.macosx_11_0_arm64.macosx_10_12_universal2.whl", hash = "sha256:68294db1bb7dcaae359fa4ad69181d58e231409406baa5a1bb117213fa30561f"},
    {file = "ormsgpack-1.4.2-cp39-cp39-macosx_10_12_x86_64.whl", hash = "sha256:b397945b2214a8598b8ea1b97e79dbf330e2c2384be97ebcdbf60809cfe4f665"},
    {file = "ormsgpack-1.4.2-cp39-cp39-manylinux_2_17_aarch64.manylinux2014_aarch64.whl", hash = "sha256:661dba49253021e292d6e186ec38a17a83ea0d1e1007a5cf7173989defaacfa5"},
    {file = "ormsgpack-1.4.2-cp39-cp39-manylinux_2_17_armv7l.manylinux2014_armv7l.whl", hash = "sha256:ef42851595a9333a134a7c7ed1e37b3a4a8403eaad74e97362272859c018f2e4"},
    {file = "ormsgpack-1.4.2-cp39-cp39-manylinux_2_17_x86_64.manylinux2014_x86_64.whl", hash = "sha256:9620ba3d9c9fb7aa5a53703775f5c4f383647faaea41dc5a4ef039bcc61a8df3"},
    {file = "ormsgpack-1.4.2-cp39-none-win_amd64.whl", hash = "sha256:f26510a4359d2316f6f87f946fe32c5b32e045e3a8e744f71e7638fdfce2f536"},
    {file = "ormsgpack-1.4.2.tar.gz", hash = "sha256:b0feb4b80b871df04bb5db79ff2ea1bee8a5483e70676387449631d778ad9b18"},
]

[[package]]
name = "phecs"
version = "0.1.0"
description = ""
optional = false
python-versions = "^3.9"
files = []
develop = false

[package.source]
type = "git"
url = "https://github.com/wegfawefgawefg/phecs.git"
reference = "master"
resolved_reference = "bd51043a3150f591ed56180bd2c897c6fd40a3fe"

[[package]]
name = "pygame-ce"
version = "2.4.0"
description = "Python Game Development"
optional = false
python-versions = ">=3.8"
files = [
    {file = "pygame-ce-2.4.0.tar.gz", hash = "sha256:77f541a6113f3449fd18e252a80f8d57896a7f108a4adffb084d3e6920955bda"},
    {file = "pygame_ce-2.4.0-cp310-cp310-macosx_10_11_x86_64.whl", hash = "sha256:c4479efa766b5a10b41594778624bd6064667e38d25d652b5810f7ce7fb48e81"},
    {file = "pygame_ce-2.4.0-cp310-cp310-macosx_11_0_arm64.whl", hash = "sha256:1c5056dafb378ef866dded04e9058561dab371ffa47f9effd315827e2001a77e"},
    {file = "pygame_ce-2.4.0-cp310-cp310-manylinux_2_17_aarch64.manylinux2014_aarch64.whl", hash = "sha256:827e20492b2526abd4257026d80ecc7ecd78ce786f23c81e98e8bc4fc3ff0cfe"},
    {file = "pygame_ce-2.4.0-cp310-cp310-manylinux_2_17_i686.manylinux2014_i686.whl", hash = "sha256:f0cb4dd85a65254ee98dd6560c388b32b854cc9f7c5b0f534ec688187b6b2625"},
    {file = "pygame_ce-2.4.0-cp310-cp310-manylinux_2_17_x86_64.manylinux2014_x86_64.whl", hash = "sha256:0199108daeedf042a6e94012dff0f4c80b712cde836a6b90d18d60de179ed541"},
    {file = "pygame_ce-2.4.0-cp310-cp310-win32.whl", hash = "sha256:4d651ddbef71d23832ed4c41568385561ab36fbd4eb6b9b3ebdb80d7303ee867"},
    {file = "pygame_ce-2.4.0-cp310-cp310-win_amd64.whl", hash = "sha256:43b9dd6da3c9140c0a4e6548ea6a23ac8b525a3514eaabc77c260bf241b21464"},
    {file = "pygame_ce-2.4.0-cp311-cp311-macosx_10_11_x86_64.whl", hash = "sha256:64d102e68bb269708760e47f43a8db09b255d59817ffba09ab2b1736e3731794"},
    {file = "pygame_ce-2.4.0-cp311-cp311-macosx_11_0_arm64.whl", hash = "sha256:c25ee3abbfa1d98ec38e229fcc4abb182f6210a199da70149226f2afbc3be24a"},
    {file = "pygame_ce-2.4.0-cp311-cp311-manylinux_2_17_aarch64.manylinux2014_aarch64.whl", hash = "sha256:700682ef06555cef41b4d7b6c1d35e20291d109c076c96f1d68fa986899ae537"},
    {file = "pygame_ce-2.4.0-cp311-cp311-manylinux_2_17_i686.manylinux2014_i686.whl", hash = "sha256:283a8c1c4459570cead90d840f4656547fbbc39ed22e679265e8d20979c529be"},
    {file = "pygame_ce-2.4.0-cp311-cp311-manylinux_2_17_x86_64.manylinux2014_x86_64.whl", hash = "sha256:49fc2eee8ef5f6c868e4305c7020155d8c31fc85e54038f603922f6eb864bfb0"},
    {file = "pygame_ce-2.4.0-cp311-cp311-win32.whl", hash = "sha256:725ef1a66189da98ed9de3c641c49befd7ffbfab69b4bcc694713be712bca97d"},
    {file = "pygame_ce-2.4.0-cp311-cp311-win_amd64.whl", hash = "sha256:f7aa895aa55ba0eb19205aacd1d2e2155d1c512bd7834aa1fc22ec9f1c3cc24c"},
    {file = "pygame_ce-2.4.0-cp312-cp312-macosx_10_11_x86_64.whl", hash = "sha256:677e3685c20b7be02466dcbaf0446f3921f20d29c2ae33b9daed5b68896fcb38"},
    {file = "pygame_ce-2.4.0-cp312-cp312-macosx_11_0_arm64.whl", hash = "sha256:07d310253a4c57571f9bc43b10a4576967df18327efc7b789b9e9ee66eeeeb8d"},
    {file = "pygame_ce-2.4.0-cp312-cp312-manylinux_2_17_aarch64.manylinux2014_aarch64.whl", hash = "sha256:5f17d5ab192b875dbecdb48c01477a9c528d4f9b7f17faee1772d048286269b4"},
    {file = "pygame_ce-2.4.0-cp312-cp312-manylinux_2_17_i686.manylinux2014_i686.whl", hash = "sha256:2919e5db5e3e6019c95d8f7252b0d312015aa660c59eb1a3a3fe8c271bb4811a"},
    {file = "pygame_ce-2.4.0-cp312-cp312-manylinux_2_17_x86_64.manylinux2014_x86_64.whl", hash = "sha256:60bb12fdfad5f64becd0efbea82911de3d552090a068c472b3a820057bb1e251"},
    {file = "pygame_ce-2.4.0-cp312-cp312-win32.whl", hash = "sha256:a29f928a7be8168a132d082a8875bee45cf5c2b282c4502fc09810bb0d509636"},
    {file = "pygame_ce-2.4.0-cp312-cp312-win_amd64.whl", hash = "sha256:5bf059a78880c882123627dab28d86acf6abccf90474f6be30b2b13de408e138"},
    {file = "pygame_ce-2.4.0-cp38-cp38-macosx_10_11_x86_64.whl", hash = "sha256:643f433d3b219b626c9af4930a42a107ef8ac4889e2764efd52ad9226b0b49d7"},
    {file = "pygame_ce-2.4.0-cp38-cp38-macosx_11_0_arm64.whl", hash = "sha256:9faa2b3d884706527b26e3a6e7d6187a05c588a0a2ec69fd25d492ee5b63e03f"},
    {file = "pygame_ce-2.4.0-cp38-cp38-manylinux_2_17_aarch64.manylinux2014_aarch64.whl", hash = "sha256:024cd290b11d1bb6df7583233c7911a7567d67eb0bd42c0090a747415548ee2c"},
    {file = "pygame_ce-2.4.0-cp38-cp38-manylinux_2_17_i686.manylinux2014_i686.whl", hash = "sha256:ec7e1bebec921f65b7cfabe17bff4cf8d70dd7103331112d44a6e2fe70771332"},
    {file = "pygame_ce-2.4.0-cp38-cp38-manylinux_2_17_x86_64.manylinux2014_x86_64.whl", hash = "sha256:632c37761b85c0518b720d2c4fba6b486ffc80b7badc0737da369f495bca5d8b"},
    {file = "pygame_ce-2.4.0-cp38-cp38-win32.whl", hash = "sha256:f96fdd100a9c54640c6e0d1233a19135225a2b4d35e9462db9ebcb1915019b26"},
    {file = "pygame_ce-2.4.0-cp38-cp38-win_amd64.whl", hash = "sha256:bec8b4be887ec6bfbb198a17e42f1c62840c29c66b3c22434721bd3ea50a9165"},
    {file = "pygame_ce-2.4.0-cp39-cp39-macosx_10_11_x86_64.whl", hash = "sha256:aacffbe44dbac82b0c31a0fbdcc4853087c8c409bc243bc1d054450d8cf9dbec"},
    {file = "pygame_ce-2.4.0-cp39-cp39-macosx_11_0_arm64.whl", hash = "sha256:305017897717656cc2eba1027e6a722a702023cae30a87815a91528c9ece0a8a"},
    {file = "pygame_ce-2.4.0-cp39-cp39-manylinux_2_17_aarch64.manylinux2014_aarch64.whl", hash = "sha256:2e46d7208c360a4700a7297adae4309809b6306a801daf9ea0a67b16d59d40f5"},
    {file = "pygame_ce-2.4.0-cp39-cp39-manylinux_2_17_i686.manylinux2014_i686.whl", hash = "sha256:bdcb075a56ca31d7c3e253d325f288ec2a366d65adc0538efd53fc3a90578dbf"},
    {file = "pygame_ce-2.4.0-cp39-cp39-manylinux_2_17_x86_64.manylinux2014_x86_64.whl", hash = "sha256:be17c913f02b188e7f5238ba9985dade35875660832dffc7715552a90ea5a5d0"},
    {file = "pygame_ce-2.4.0-cp39-cp39-win32.whl", hash = "sha256:dd3cc7d2568bd84086456a7760180481acd0b24cb275e2941475cf02a6c9d93b"},
    {file = "pygame_ce-2.4.0-cp39-cp39-win_amd64.whl", hash = "sha256:8bb6bc7c101a60339264869f051884b415d8c98ac7c79e2aa657f7e94264d914"},
    {file = "pygame_ce-2.4.0-pp310-pypy310_pp73-macosx_10_11_x86_64.whl", hash = "sha256:2fc9d22b2864c4ece3867da10b87351598976b6f40d4fda48fddbd5d9444b10d"},
    {file = "pygame_ce-2.4.0-pp310-pypy310_pp73-manylinux_2_17_aarch64.manylinux2014_aarch64.whl", hash = "sha256:055ee0eaa0e3fca5b33d826489524e4fcd532b10ed581f82faa56d7a833e828c"},
    {file = "pygame_ce-2.4.0-pp310-pypy310_pp73-manylinux_2_17_i686.manylinux2014_i686.whl", hash = "sha256:d7a8b3bed582bd5c0aa93c63290a96e2004a0ec0c6d9449cdcd793c7c6de0b46"},
    {file = "pygame_ce-2.4.0-pp310-pypy310_pp73-manylinux_2_17_x86_64.manylinux2014_x86_64.whl", hash = "sha256:bef1eeab4569519d822a1bbfa3b9033f85c6c35784cd47bd2ad1b4f5f66c4cfb"},
    {file = "pygame_ce-2.4.0-pp310-pypy310_pp73-win_amd64.whl", hash = "sha256:c038c0d3d983688a7ce2a288bbeff7a8d6ddfa9081e38765dff70357bc2a0f50"},
    {file = "pygame_ce-2.4.0-pp38-pypy38_pp73-macosx_10_11_x86_64.whl", hash = "sha256:3c7302637414059a4cee168ed0120545e8746d69f069a1d056a1f87a76b3e8e3"},
    {file = "pygame_ce-2.4.0-pp38-pypy38_pp73-manylinux_2_17_aarch64.manylinux2014_aarch64.whl", hash = "sha256:16c93d5d330faaf06714d6dde71d42c6ccf1d443aa7c63cc69e83ec4b9463a7c"},
    {file = "pygame_ce-2.4.0-pp38-pypy38_pp73-manylinux_2_17_i686.manylinux2014_i686.whl", hash = "sha256:79ebbd40a862466f064d7ce0f05bbb0547038bcb822e5202453dcaab519d92ff"},
    {file = "pygame_ce-2.4.0-pp38-pypy38_pp73-manylinux_2_17_x86_64.manylinux2014_x86_64.whl", hash = "sha256:90138ba65950da9580f6509fb678112fbb260e6d38151de14b5ca0f915172d37"},
    {file = "pygame_ce-2.4.0-pp38-pypy38_pp73-win_amd64.whl", hash = "sha256:b5c2ba16c0f50896b17a4b27bcb749547d838dbabdf98e3a17ffbdc2afad0867"},
    {file = "pygame_ce-2.4.0-pp39-pypy39_pp73-macosx_10_11_x86_64.whl", hash = "sha256:54535a3cb56aee68263887d8703c8884f09c616329fed6026351cc9d12a51ddd"},
    {file = "pygame_ce-2.4.0-pp39-pypy39_pp73-manylinux_2_17_aarch64.manylinux2014_aarch64.whl", hash = "sha256:2434023717b24c338ff4d5e7355e86f606dd90b68cfa8a0583164658078f95cf"},
    {file = "pygame_ce-2.4.0-pp39-pypy39_pp73-manylinux_2_17_i686.manylinux2014_i686.whl", hash = "sha256:c50864f21849fb1bf5c7c68cb3fc83c9368246e038370aa140dacd4ac3e489a1"},
    {file = "pygame_ce-2.4.0-pp39-pypy39_pp73-manylinux_2_17_x86_64.manylinux2014_x86_64.whl", hash = "sha256:e47449dd73f8ec0cbf7527ef98d0d69f0b2b28cf911194c02dfe1a328e52bd12"},
    {file = "pygame_ce-2.4.0-pp39-pypy39_pp73-win_amd64.whl", hash = "sha256:025657410795a8a3c94d64efe35cad9a41c9a4dfb2196d459940014c8018fefc"},
]

[[package]]
name = "pyglm"
version = "2.7.1"
description = "OpenGL Mathematics library for Python"
optional = false
python-versions = "*"
files = [
    {file = "PyGLM-2.7.1-cp310-cp310-macosx_10_9_x86_64.whl", hash = "sha256:401ccf0ffe22c7513e4102f343e5d93f87c48fb869024b97135ee3a961c38c00"},
    {file = "PyGLM-2.7.1-cp310-cp310-macosx_11_0_arm64.whl", hash = "sha256:48967e750329309e93d6b4eddea4b6be21bc195c5c9914b24909090b7dddc2b5"},
    {file = "PyGLM-2.7.1-cp310-cp310-manylinux_2_17_aarch64.manylinux2014_aarch64.whl", hash = "sha256:311faffc2a05aa269dc0d212bf664e79a231357c8a88b95cb87312b84fe0f2cb"},
    {file = "PyGLM-2.7.1-cp310-cp310-manylinux_2_17_i686.manylinux2014_i686.whl", hash = "sha256:5ae6a8dc299e77e96672c412715ceb7104d8cb162d9a6a0ae1e27699714b3202"},
    {file = "PyGLM-2.7.1-cp310-cp310-manylinux_2_17_s390x.manylinux2014_s390x.whl", hash = "sha256:1a06c90b43a259584e062666c8e28f5959043e09669c84c684fca8380cf4d68b"},
    {file = "PyGLM-2.7.1-cp310-cp310-manylinux_2_17_x86_64.manylinux2014_x86_64.whl", hash = "sha256:ff79f9b92135e5a2c0f896ffe0878307ab8c05eb2ef90fc0b4d9a3b63bc03a6c"},
    {file = "PyGLM-2.7.1-cp310-cp310-manylinux_2_27_aarch64.manylinux_2_28_aarch64.whl", hash = "sha256:87bf940e84d459d694ae23320a0362d2acadc317c032c54a69d761b0746a18dc"},
    {file = "PyGLM-2.7.1-cp310-cp310-manylinux_2_27_s390x.manylinux_2_28_s390x.whl", hash = "sha256:5d7065d24c5ea85f9367d94c078399a656f643d056497f2866394077d345ec7e"},
    {file = "PyGLM-2.7.1-cp310-cp310-manylinux_2_27_x86_64.manylinux_2_28_x86_64.whl", hash = "sha256:62a3615d97fc253785f246b84c23771fc1303a59a62e732bf70f144d189f63e5"},
    {file = "PyGLM-2.7.1-cp310-cp310-musllinux_1_1_aarch64.whl", hash = "sha256:32071c21dce494aa02a37ea4236495fb2ad9110a104c14c6b45d9b5c366886c6"},
    {file = "PyGLM-2.7.1-cp310-cp310-musllinux_1_1_i686.whl", hash = "sha256:8ead25748e90f98f925e8c2ea5ebc52f2cea184cbb12fa95bfa35b699a4f6f75"},
    {file = "PyGLM-2.7.1-cp310-cp310-musllinux_1_1_s390x.whl", hash = "sha256:6b59d847790a7a6ade9af59d4a42c75b411fbfb1994a2c51a699f94a2b2b70ee"},
    {file = "PyGLM-2.7.1-cp310-cp310-musllinux_1_1_x86_64.whl", hash = "sha256:c5a8a9b74846118023f635f460a3d7498740996605eb25a875fe46c01e7ad23d"},
    {file = "PyGLM-2.7.1-cp310-cp310-win32.whl", hash = "sha256:82f96329235da787f0c3b30239a3b6da6c7c140ac1488b3142b363d870171fd0"},
    {file = "PyGLM-2.7.1-cp310-cp310-win_amd64.whl", hash = "sha256:bf3e062103a95a78930201df100156e6ac24eaa9bd50ed59442300ba8edf3173"},
    {file = "PyGLM-2.7.1-cp310-cp310-win_arm64.whl", hash = "sha256:4b07ab88d8108085e7998b17f72e246dc60ee195aa0967980a22a433e1c5693a"},
    {file = "PyGLM-2.7.1-cp311-cp311-macosx_10_9_x86_64.whl", hash = "sha256:64b6ceca09f7881eaa9299121b343e6569d4ef300f483903801ce2f3407859c3"},
    {file = "PyGLM-2.7.1-cp311-cp311-macosx_11_0_arm64.whl", hash = "sha256:6833db36d6b2dc12e2a5a4dbc37f8e66c743235431af5b820f87ce35c7994052"},
    {file = "PyGLM-2.7.1-cp311-cp311-manylinux_2_17_aarch64.manylinux2014_aarch64.whl", hash = "sha256:00ad243f7e4c0a89e1a8943446592653a8dc899cbbeeeb3e33221fb146eeda0d"},
    {file = "PyGLM-2.7.1-cp311-cp311-manylinux_2_17_i686.manylinux2014_i686.whl", hash = "sha256:61f2eb79e17b2470e538070d3bdd81bac01399fb9065674e905636f7a0e3df57"},
    {file = "PyGLM-2.7.1-cp311-cp311-manylinux_2_17_s390x.manylinux2014_s390x.whl", hash = "sha256:aee0a971df967677f6b761c1fd9515a2e35a4e85ba2ab147dd7bf887fb2ab026"},
    {file = "PyGLM-2.7.1-cp311-cp311-manylinux_2_17_x86_64.manylinux2014_x86_64.whl", hash = "sha256:dfd6a1a620eb6431034fee42ad9c6cb46633be47f271f993bd135b24953dbfd6"},
    {file = "PyGLM-2.7.1-cp311-cp311-manylinux_2_27_aarch64.manylinux_2_28_aarch64.whl", hash = "sha256:1e258d812b68be1ff7699b55d6e66430cdd35af8c06e0774b5673bc6ed913eac"},
    {file = "PyGLM-2.7.1-cp311-cp311-manylinux_2_27_s390x.manylinux_2_28_s390x.whl", hash = "sha256:5f804e9394befc35f2a2a2b2d3372288206538b9c75325c128441acd0a487104"},
    {file = "PyGLM-2.7.1-cp311-cp311-manylinux_2_27_x86_64.manylinux_2_28_x86_64.whl", hash = "sha256:f4b34195081a6216aa6c85d56cbc6411e2d4cd6433664904bdb069b9bee18e1e"},
    {file = "PyGLM-2.7.1-cp311-cp311-musllinux_1_1_aarch64.whl", hash = "sha256:60487a1b2db6307f92648e52cd5773fb3cf3d3f6112b56787e480e1109e18be9"},
    {file = "PyGLM-2.7.1-cp311-cp311-musllinux_1_1_i686.whl", hash = "sha256:567b1664942d12fb45bbd54fcd2ab128882905de859da8cd8a866f1489ae7d48"},
    {file = "PyGLM-2.7.1-cp311-cp311-musllinux_1_1_s390x.whl", hash = "sha256:b10e46a573ce412f16fa14cca34dfca96c23e2ccf159e3202809d6e77f140758"},
    {file = "PyGLM-2.7.1-cp311-cp311-musllinux_1_1_x86_64.whl", hash = "sha256:45427bc7fe0d164c4f5e71bcc8920e6ee8169c0d1526bc6c6274b2c21fbfe8ec"},
    {file = "PyGLM-2.7.1-cp311-cp311-win32.whl", hash = "sha256:583caf00a8afa07850ede7fc82547f72b532f6dfce9aed25648f655dae415f51"},
    {file = "PyGLM-2.7.1-cp311-cp311-win_amd64.whl", hash = "sha256:fd3e7c92ba74e76f992c6cfcbd662058c076329695713108ae54af233e6647d8"},
    {file = "PyGLM-2.7.1-cp311-cp311-win_arm64.whl", hash = "sha256:e22b4a83e0fb36f68a1d84cfd2a95d66d053d0cc5a8aab08bcd63eb7cca11d25"},
    {file = "PyGLM-2.7.1-cp312-cp312-macosx_10_9_x86_64.whl", hash = "sha256:4aa958556dd26e647c67c740aee2822bd41f05f6f2ce70c4f1268e7f0a93b108"},
    {file = "PyGLM-2.7.1-cp312-cp312-macosx_11_0_arm64.whl", hash = "sha256:6bf06d63629a2f0f2a85c1fac778b334ee6864d1768ac469b31a30cafa596c24"},
    {file = "PyGLM-2.7.1-cp312-cp312-manylinux_2_17_aarch64.manylinux2014_aarch64.whl", hash = "sha256:750109e5a2d788395766ea6465b96762b42d779c9cb430dd75c02c447eb0379d"},
    {file = "PyGLM-2.7.1-cp312-cp312-manylinux_2_17_i686.manylinux2014_i686.whl", hash = "sha256:3486bc2183c78d5fba7f8e4a26c5093bb4df5110cd09f45e7416f3afab688f72"},
    {file = "PyGLM-2.7.1-cp312-cp312-manylinux_2_17_s390x.manylinux2014_s390x.whl", hash = "sha256:1f4f7d138826d95aaf32bb1414978acc6d839a09350a33c244b881c6e84bd9d5"},
    {file = "PyGLM-2.7.1-cp312-cp312-manylinux_2_17_x86_64.manylinux2014_x86_64.whl", hash = "sha256:2dd9c3c55a8070b2894b1b22bc96ed01832613f4ea984b5023b56a6b4cd6c1d1"},
    {file = "PyGLM-2.7.1-cp312-cp312-manylinux_2_27_aarch64.manylinux_2_28_aarch64.whl", hash = "sha256:8fcc6ef1f3041618300313af8cd0ba4bb60758d083d7759b51ff6c709e935677"},
    {file = "PyGLM-2.7.1-cp312-cp312-manylinux_2_27_s390x.manylinux_2_28_s390x.whl", hash = "sha256:06b2d950e221178cc0832b5b78d91f13926d37b851bc4737f92bd5149482b487"},
    {file = "PyGLM-2.7.1-cp312-cp312-manylinux_2_27_x86_64.manylinux_2_28_x86_64.whl", hash = "sha256:117ea85a40144720436f296c8f1eacb03c33d90fac3df5af086813d7a9e04881"},
    {file = "PyGLM-2.7.1-cp312-cp312-musllinux_1_1_aarch64.whl", hash = "sha256:4c4190604c5af3f65981c4d51aff2681baaa1c185d9d380daeb0ba391199ddcb"},
    {file = "PyGLM-2.7.1-cp312-cp312-musllinux_1_1_i686.whl", hash = "sha256:0f42987c0eedfe6a17131e59b72133f5465eda445fc6c3e4c90c7bafe2258914"},
    {file = "PyGLM-2.7.1-cp312-cp312-musllinux_1_1_s390x.whl", hash = "sha256:fc97b41cbb89e4135ec2abc2a1ed2fb6ee2c72eadd2e9f1dca2d9dcef90a47dc"},
    {file = "PyGLM-2.7.1-cp312-cp312-musllinux_1_1_x86_64.whl", hash = "sha256:7e448d37621641fa12469ad6c19d05d7d70bd258cea334a18e2123063f6fd1ed"},
    {file = "PyGLM-2.7.1-cp312-cp312-win32.whl", hash = "sha256:f5488a46d1de944daaf043c209c149ddc59a4f1cced32ef5670062f1e0f3c813"},
    {file = "PyGLM-2.7.1-cp312-cp312-win_amd64.whl", hash = "sha256:890db36101cf945cc1470685ea8fed788291088cdfa425fcfdf701ee6adfd24f"},
    {file = "PyGLM-2.7.1-cp312-cp312-win_arm64.whl", hash = "sha256:9e9adc73094c2607841209c08f1dc61808630f2113f7cd58003a4904fe241e56"},
    {file = "PyGLM-2.7.1-cp38-cp38-macosx_10_9_x86_64.whl", hash = "sha256:5116c118f7f291ab6b19b7980f8c32be9fee9d88cf85ef1760651df3f14a2cb4"},
    {file = "PyGLM-2.7.1-cp38-cp38-macosx_11_0_arm64.whl", hash = "sha256:0e2bc62c3308da7c3fb80da569d8482c17929e7e4f161c0520db7db8e1238162"},
    {file = "PyGLM-2.7.1-cp38-cp38-manylinux_2_17_aarch64.manylinux2014_aarch64.whl", hash = "sha256:aa46162c9a427f7625880daf85d0bfc426792b3a5e465219967644391cfdbf82"},
    {file = "PyGLM-2.7.1-cp38-cp38-manylinux_2_17_i686.manylinux2014_i686.whl", hash = "sha256:85b713430b30a1eac179b90f59dbccb82dccba1659eab7ff5d6db6d5a07c8b7c"},
    {file = "PyGLM-2.7.1-cp38-cp38-manylinux_2_17_s390x.manylinux2014_s390x.whl", hash = "sha256:b34555f20024e5ab86ed8ec7236a8ffddd12521d3093d16fc5da1fc032bc7af7"},
    {file = "PyGLM-2.7.1-cp38-cp38-manylinux_2_17_x86_64.manylinux2014_x86_64.whl", hash = "sha256:e391b2e7f5af43e5838bfbd1eb1d4ce13187248abc6fe462bef3f23044ef8845"},
    {file = "PyGLM-2.7.1-cp38-cp38-manylinux_2_27_aarch64.manylinux_2_28_aarch64.whl", hash = "sha256:d87dbdc96a34e0a6f06dfccfdb012ab70249c049606cb01b1c51cd5262a0ff26"},
    {file = "PyGLM-2.7.1-cp38-cp38-manylinux_2_27_s390x.manylinux_2_28_s390x.whl", hash = "sha256:38d66b7150fd0bfe37f2d31dc67969b6c4145b3f2921ec115be3047f3350b015"},
    {file = "PyGLM-2.7.1-cp38-cp38-manylinux_2_27_x86_64.manylinux_2_28_x86_64.whl", hash = "sha256:04ab4b5325cbd9515ab6fd0c1d1d1e9c4cfc62fe7ae5c816cc82e41c2ed5ad65"},
    {file = "PyGLM-2.7.1-cp38-cp38-musllinux_1_1_aarch64.whl", hash = "sha256:40b7a96e13c782be23140f05bc4e74599fa89922df533445a69e7a392365550a"},
    {file = "PyGLM-2.7.1-cp38-cp38-musllinux_1_1_i686.whl", hash = "sha256:4b1b3b469eeb4f988db25deae6b31ddf89cf67f7623e4a74793a4d6041832163"},
    {file = "PyGLM-2.7.1-cp38-cp38-musllinux_1_1_s390x.whl", hash = "sha256:ffd4c70ae50ec33592cc537aeb991230d5ff8dd00091dc880fb566be69776514"},
    {file = "PyGLM-2.7.1-cp38-cp38-musllinux_1_1_x86_64.whl", hash = "sha256:202964258049588469eb355bd1baeb0bffe5aa5d6fb34f4983ff465ec03a6156"},
    {file = "PyGLM-2.7.1-cp38-cp38-win32.whl", hash = "sha256:e6ef596e75df4dd233511a403725885443763d700a9b425408be62e1de980a75"},
    {file = "PyGLM-2.7.1-cp38-cp38-win_amd64.whl", hash = "sha256:1f8950d1d6d900bde0b966248ee604219a7760766bd13ab3892f80384d53633c"},
    {file = "PyGLM-2.7.1-cp39-cp39-macosx_10_9_x86_64.whl", hash = "sha256:d3ba1bbce59dee76afceff1342bc29c0bfced2a55baf024505187d5d162a2253"},
    {file = "PyGLM-2.7.1-cp39-cp39-macosx_11_0_arm64.whl", hash = "sha256:19218d8f414c86dbf4c6b97bf8c040e2e4fd5885833fc3a5ac5e3a2a15d9afdc"},
    {file = "PyGLM-2.7.1-cp39-cp39-manylinux_2_17_aarch64.manylinux2014_aarch64.whl", hash = "sha256:cf719550ac93107a6c9f75bb08f9baa5d7e846fb88222985e18c4611365d48ba"},
    {file = "PyGLM-2.7.1-cp39-cp39-manylinux_2_17_i686.manylinux2014_i686.whl", hash = "sha256:33398e48bedd6e8f8945c7b7b0c82495927d0c5ed1964f2ca963b30b668d9275"},
    {file = "PyGLM-2.7.1-cp39-cp39-manylinux_2_17_s390x.manylinux2014_s390x.whl", hash = "sha256:9d9f45eb2f1e8be53a8f52317014ebd12f61a8feffbefb413ab828323f3c0bd6"},
    {file = "PyGLM-2.7.1-cp39-cp39-manylinux_2_17_x86_64.manylinux2014_x86_64.whl", hash = "sha256:2ba24cd208fedb4d1cc3a49f52c84eebc30aaae67c9f094cee75765566451f19"},
    {file = "PyGLM-2.7.1-cp39-cp39-manylinux_2_27_aarch64.manylinux_2_28_aarch64.whl", hash = "sha256:a2c36b9fffd80a25765e6917e3aecda7ab264bbfd5a8fad531c57d0c0403fda6"},
    {file = "PyGLM-2.7.1-cp39-cp39-manylinux_2_27_s390x.manylinux_2_28_s390x.whl", hash = "sha256:8dbe2abda1572796ce981eb468d91c9031813448c9e2e426e8567617ca77c3a6"},
    {file = "PyGLM-2.7.1-cp39-cp39-manylinux_2_27_x86_64.manylinux_2_28_x86_64.whl", hash = "sha256:a7253575ec5f269ee5f5e2960e5f0d5148e3e978a27ad7ecdb0b3fce22fb6f3a"},
    {file = "PyGLM-2.7.1-cp39-cp39-musllinux_1_1_aarch64.whl", hash = "sha256:6581986fa3908f3f7e8df8145f7e4dc52a285f0a589caf43cd40003304fe4048"},
    {file = "PyGLM-2.7.1-cp39-cp39-musllinux_1_1_i686.whl", hash = "sha256:5c70210bdd103314cb635647343afc48db66e1207cbb4e389f0fe75e5ca4ae82"},
    {file = "PyGLM-2.7.1-cp39-cp39-musllinux_1_1_s390x.whl", hash = "sha256:b6f75fe54190bba4d8b86a8fe0c1f4d71183c401fdc0c398129b25bc4c67a6d1"},
    {file = "PyGLM-2.7.1-cp39-cp39-musllinux_1_1_x86_64.whl", hash = "sha256:298ffdf5f7c638ff31ae74e547710485258de7fc2a819932b2df7cc8de5f8265"},
    {file = "PyGLM-2.7.1-cp39-cp39-win32.whl", hash = "sha256:303c301139c92853cd7b280431463af7c8e0d638f7d24d248c2aa19fd1316f06"},
    {file = "PyGLM-2.7.1-cp39-cp39-win_amd64.whl", hash = "sha256:d5b0ba4cf238f916b24e0bb6411469d1348f66165d7121d34231799eb74820b9"},
    {file = "PyGLM-2.7.1-cp39-cp39-win_arm64.whl", hash = "sha256:449bdb7cf05f675631254886ccc58691167ac869bae29303fb9f869fe8bb3c46"},
    {file = "PyGLM-2.7.1.tar.gz", hash = "sha256:455817299e431c9a95e75b0c6ef6007caf57ee12a89fbba660f3741dd4da8f88"},
]

[[package]]
name = "ruff"
version = "0.2.2"
description = "An extremely fast Python linter and code formatter, written in Rust."
optional = false
python-versions = ">=3.7"
files = [
    {file = "ruff-0.2.2-py3-none-macosx_10_12_x86_64.macosx_11_0_arm64.macosx_10_12_universal2.whl", hash = "sha256:0a9efb032855ffb3c21f6405751d5e147b0c6b631e3ca3f6b20f917572b97eb6"},
    {file = "ruff-0.2.2-py3-none-macosx_10_12_x86_64.whl", hash = "sha256:d450b7fbff85913f866a5384d8912710936e2b96da74541c82c1b458472ddb39"},
    {file = "ruff-0.2.2-py3-none-manylinux_2_17_aarch64.manylinux2014_aarch64.whl", hash = "sha256:ecd46e3106850a5c26aee114e562c329f9a1fbe9e4821b008c4404f64ff9ce73"},
    {file = "ruff-0.2.2-py3-none-manylinux_2_17_armv7l.manylinux2014_armv7l.whl", hash = "sha256:5e22676a5b875bd72acd3d11d5fa9075d3a5f53b877fe7b4793e4673499318ba"},
    {file = "ruff-0.2.2-py3-none-manylinux_2_17_i686.manylinux2014_i686.whl", hash = "sha256:1695700d1e25a99d28f7a1636d85bafcc5030bba9d0578c0781ba1790dbcf51c"},
    {file = "ruff-0.2.2-py3-none-manylinux_2_17_ppc64.manylinux2014_ppc64.whl", hash = "sha256:b0c232af3d0bd8f521806223723456ffebf8e323bd1e4e82b0befb20ba18388e"},
    {file = "ruff-0.2.2-py3-none-manylinux_2_17_ppc64le.manylinux2014_ppc64le.whl", hash = "sha256:f63d96494eeec2fc70d909393bcd76c69f35334cdbd9e20d089fb3f0640216ca"},
    {file = "ruff-0.2.2-py3-none-manylinux_2_17_s390x.manylinux2014_s390x.whl", hash = "sha256:6a61ea0ff048e06de273b2e45bd72629f470f5da8f71daf09fe481278b175001"},
    {file = "ruff-0.2.2-py3-none-manylinux_2_17_x86_64.manylinux2014_x86_64.whl", hash = "sha256:5e1439c8f407e4f356470e54cdecdca1bd5439a0673792dbe34a2b0a551a2fe3"},
    {file = "ruff-0.2.2-py3-none-musllinux_1_2_aarch64.whl", hash = "sha256:940de32dc8853eba0f67f7198b3e79bc6ba95c2edbfdfac2144c8235114d6726"},
    {file = "ruff-0.2.2-py3-none-musllinux_1_2_armv7l.whl", hash = "sha256:0c126da55c38dd917621552ab430213bdb3273bb10ddb67bc4b761989210eb6e"},
    {file = "ruff-0.2.2-py3-none-musllinux_1_2_i686.whl", hash = "sha256:3b65494f7e4bed2e74110dac1f0d17dc8e1f42faaa784e7c58a98e335ec83d7e"},
    {file = "ruff-0.2.2-py3-none-musllinux_1_2_x86_64.whl", hash = "sha256:1ec49be4fe6ddac0503833f3ed8930528e26d1e60ad35c2446da372d16651ce9"},
    {file = "ruff-0.2.2-py3-none-win32.whl", hash = "sha256:d920499b576f6c68295bc04e7b17b6544d9d05f196bb3aac4358792ef6f34325"},
    {file = "ruff-0.2.2-py3-none-win_amd64.whl", hash = "sha256:cc9a91ae137d687f43a44c900e5d95e9617cb37d4c989e462980ba27039d239d"},
    {file = "ruff-0.2.2-py3-none-win_arm64.whl", hash = "sha256:c9d15fc41e6054bfc7200478720570078f0b41c9ae4f010bcc16bd6f4d1aacdd"},
    {file = "ruff-0.2.2.tar.gz", hash = "sha256:e62ed7f36b3068a30ba39193a14274cd706bc486fad521276458022f7bccb31d"},
]

[[package]]
name = "small-ass-cache"
version = "0.9.2"
description = "An asset loading and caching utility for game assets."
optional = false
python-versions = ">=3.6"
files = [
    {file = "small-ass-cache-0.9.2.tar.gz", hash = "sha256:daa33a40e910cfc3dce52ef1bf911a426bc427769b5fc19ecb455105dddcb1c5"},
    {file = "small_ass_cache-0.9.2-py3-none-any.whl", hash = "sha256:6c9f80e59a39c5fa8babefc79c92a495b95f7ba9217b7496ce6523aabdeb619d"},
]

[metadata]
lock-version = "2.0"
python-versions = "^3.11"
content-hash = "a753f87d8636c8731392c9f7cc3a7125fb790a3e71dedf076c7ec443df89158e"
